
Microsoft Visual Studio Solution File, Format Version 12.00
# Visual Studio Version 17
VisualStudioVersion = 17.9.34723.18
MinimumVisualStudioVersion = 10.0.40219.1
Project("{FAE04EC0-301F-11D3-BF4B-00C04F79EFBC}") = "SRORT REZHIM1", "SRORT REZHIM1\SRORT REZHIM1.csproj", "{6DE09349-B4EA-4E4F-90BF-0DFAB2D82FDE}"
EndProject
Global
	GlobalSection(SolutionConfigurationPlatforms) = preSolution
		Debug|Any CPU = Debug|Any CPU
		Release|Any CPU = Release|Any CPU
	EndGlobalSection
	GlobalSection(ProjectConfigurationPlatforms) = postSolution
		{6DE09349-B4EA-4E4F-90BF-0DFAB2D82FDE}.Debug|Any CPU.ActiveCfg = Debug|Any CPU
		{6DE09349-B4EA-4E4F-90BF-0DFAB2D82FDE}.Debug|Any CPU.Build.0 = Debug|Any CPU
		{6DE09349-B4EA-4E4F-90BF-0DFAB2D82FDE}.Release|Any CPU.ActiveCfg = Release|Any CPU
		{6DE09349-B4EA-4E4F-90BF-0DFAB2D82FDE}.Release|Any CPU.Build.0 = Release|Any CPU
	EndGlobalSection
	GlobalSection(SolutionProperties) = preSolution
		HideSolutionNode = FALSE
	EndGlobalSection
	GlobalSection(ExtensibilityGlobals) = postSolution
		SolutionGuid = {320AE4B1-1D95-434A-BBD8-D0E73D17272E}
	EndGlobalSection
EndGlobal
